{
  "image": "lab-runner:dev",
  "id": "sha256:8388f6148672568aa5203dd3c69f52d3d114258cce2eefec9f08e35824da7b99",
  "platform": "linux/arm64",
  "built_at": "2026-10-03T10:27:07Z",
  "base": "eclipse-temurin:25.0.4.1_1-jdk-noble@sha256:0d623ea18d7b0fe1e12a2c0a920f7e950cad433387e5a49d3611e1507fa07602",
  "dockerfile_sha256": "71aa63d564b2855434756f4d721e5f46969f1bf305be7990b398621a0dc060db",
  "start_sh_sha256": "9c3eb0b10889834e14b0a377a008adcc952c1f8f6d798996cecb12b281271460",
  "contents": {
    "java": "25.0.4.1",
    "node": "24.21.0",
    "pnpm": "10.34.6",
    "claude_code": "2.1.287",
    "playwright_chromium": "1.63.0 (chromium-1243)"
  },
  "verified": [
    "Storybook smoke: Default 통과, MustFail 실패(Unable to find ... 수정), vitest exit 1 (이전 id sha256:ea03f941…, start.sh 밖의 층은 같다)",
    "egress: registry.npmjs.org · github.com · host.docker.internal 차단, api.anthropic.com HTTP 405, resolv.conf 밖 DNS(1.1.1.1) 차단",
    "Agent 권한: uid 1000 agent, CapEff 0, iptables 변경 거부",
    "시작 스크립트 실패(--network none): 명령 실행 없이 exit 90"
  ],
  "note": "apt 패키지는 버전을 고정하지 않으므로 다시 build 하면 id 가 달라진다. 실험에는 이 id 의 이미지를 쓰고, 이미지를 잃으면 saved 의 사본을 docker load 한다. 체크리스트 7단계에서 의존성 cache 층을 더한 이미지로 바꾼다",
  "previous": {
    "id": "sha256:ea03f9418cfc1afe95e4682298854c26407b8376e8b75dfed44fdbe4b789e8ff",
    "why": "start.sh 변경(exit 90 trap, DNS resolver 한정). 층 1~10 은 같고 start.sh 층 2개만 다르다"
  },
  "saved": {
    "path": "~/lab-runs/v0.1/images/lab-runner-8388f614.tar.gz",
    "format": "docker save | gzip -n",
    "bytes": 856762376,
    "sha256": "c9df78c462b5eacacd2b0f7a6134dfa88034d90ffaf742b7516ed753996e0e90",
    "load_check": "gunzip -c | docker load 가 같은 id 를 낸다(2026-10-03)"
  }
}
